
Microsoft Visual Studio Solution File, Format Version 12.00
# Visual Studio Version 17
VisualStudioVersion = 17.5.33516.290
MinimumVisualStudioVersion = 10.0.40219.1
Project("{9A19103F-16F7-4668-BE54-9A1E7A4F7556}") = "App_projet_SE", "App_projet_SE\App_projet_SE.csproj", "{EEB40DF4-B430-4477-8E2F-61BD5AC3F04C}"
EndProject
Project("{2150E333-8FDC-42A3-9474-1A3956D46DE8}") = "Éléments de solution", "Éléments de solution", "{E0927A7E-BC79-4EAB-8B0F-22B6BDC89A7C}"
	ProjectSection(SolutionItems) = preProject
		temp.ext = temp.ext
	EndProjectSection
EndProject
Global
	GlobalSection(SolutionConfigurationPlatforms) = preSolution
		Debug|Any CPU = Debug|Any CPU
		Release|Any CPU = Release|Any CPU
	EndGlobalSection
	GlobalSection(ProjectConfigurationPlatforms) = postSolution
		{EEB40DF4-B430-4477-8E2F-61BD5AC3F04C}.Debug|Any CPU.ActiveCfg = Debug|Any CPU
		{EEB40DF4-B430-4477-8E2F-61BD5AC3F04C}.Debug|Any CPU.Build.0 = Debug|Any CPU
		{EEB40DF4-B430-4477-8E2F-61BD5AC3F04C}.Release|Any CPU.ActiveCfg = Release|Any CPU
		{EEB40DF4-B430-4477-8E2F-61BD5AC3F04C}.Release|Any CPU.Build.0 = Release|Any CPU
	EndGlobalSection
	GlobalSection(SolutionProperties) = preSolution
		HideSolutionNode = FALSE
	EndGlobalSection
	GlobalSection(ExtensibilityGlobals) = postSolution
		SolutionGuid = {70187999-6497-4099-84E7-DDF0031FEE54}
	EndGlobalSection
EndGlobal
